
Microsoft Visual Studio Solution File, Format Version 12.00
# Visual Studio Version 17
VisualStudioVersion = 17.7.34024.191
MinimumVisualStudioVersion = 10.0.40219.1
Project("{FAE04EC0-301F-11D3-BF4B-00C04F79EFBC}") = "Looping", "Looping\Looping.csproj", "{0F929E5C-98A0-4474-A793-ED8F28F9A76D}"
EndProject
Global
	GlobalSection(SolutionConfigurationPlatforms) = preSolution
		Debug|Any CPU = Debug|Any CPU
		Release|Any CPU = Release|Any CPU
	EndGlobalSection
	GlobalSection(ProjectConfigurationPlatforms) = postSolution
		{0F929E5C-98A0-4474-A793-ED8F28F9A76D}.Debug|Any CPU.ActiveCfg = Debug|Any CPU
		{0F929E5C-98A0-4474-A793-ED8F28F9A76D}.Debug|Any CPU.Build.0 = Debug|Any CPU
		{0F929E5C-98A0-4474-A793-ED8F28F9A76D}.Release|Any CPU.ActiveCfg = Release|Any CPU
		{0F929E5C-98A0-4474-A793-ED8F28F9A76D}.Release|Any CPU.Build.0 = Release|Any CPU
	EndGlobalSection
	GlobalSection(SolutionProperties) = preSolution
		HideSolutionNode = FALSE
	EndGlobalSection
	GlobalSection(ExtensibilityGlobals) = postSolution
		SolutionGuid = {12210840-981B-42A4-A7A9-13D9ED45C1D5}
	EndGlobalSection
EndGlobal
